
Microsoft Visual Studio Solution File, Format Version 12.00
# Visual Studio 15
VisualStudioVersion = 15.0.27428.2027
MinimumVisualStudioVersion = 10.0.40219.1
Project("{FAE04EC0-301F-11D3-BF4B-00C04F79EFBC}") = "LanguageDetector", "LanguageDetector\LanguageDetector.csproj", "{D80B4886-96C3-4C5B-9DC4-72BBA3328FC2}"
EndProject
Project("{2150E333-8FDC-42A3-9474-1A3956D46DE8}") = "[lib]", "[lib]", "{8A360507-2F7E-4AB2-920B-4EB2D081DD50}"
	ProjectSection(SolutionItems) = preProject
		[lib]\log4net.dll = [lib]\log4net.dll
		[lib]\Newtonsoft.Json.dll = [lib]\Newtonsoft.Json.dll
	EndProjectSection
EndProject
Project("{FAE04EC0-301F-11D3-BF4B-00C04F79EFBC}") = "ld.model-builder.console", "ld.model-builder.console\ld.model-builder.console.csproj", "{A1908D80-443A-40B5-838C-73C8D04568EB}"
EndProject
Project("{FAE04EC0-301F-11D3-BF4B-00C04F79EFBC}") = "ld.web.demo", "ld.web.demo\ld.web.demo.csproj", "{16A5AF92-CD08-4E31-BD55-9B4848D6C90E}"
EndProject
Project("{FAE04EC0-301F-11D3-BF4B-00C04F79EFBC}") = "ld.TestApp", "ld.TestApp\ld.TestApp.csproj", "{31CDC1C6-A6F0-4E14-9003-40FC37F950B2}"
EndProject
Project("{FAE04EC0-301F-11D3-BF4B-00C04F79EFBC}") = "ld.model-converter-txt-2-bin.console", "ld.model-converter-txt-2-bin.console\ld.model-converter-txt-2-bin.console.csproj", "{2DE62988-DC7E-4C3F-B766-46A6CE9F5889}"
EndProject
Project("{2150E333-8FDC-42A3-9474-1A3956D46DE8}") = "model-builder", "model-builder", "{BC67D651-D838-44B3-8C46-E7DB12C28564}"
EndProject
Global
	GlobalSection(SolutionConfigurationPlatforms) = preSolution
		Debug|Any CPU = Debug|Any CPU
		Debug|x86 = Debug|x86
		Release|Any CPU = Release|Any CPU
		Release|x86 = Release|x86
	EndGlobalSection
	GlobalSection(ProjectConfigurationPlatforms) = postSolution
		{D80B4886-96C3-4C5B-9DC4-72BBA3328FC2}.Debug|Any CPU.ActiveCfg = Debug|Any CPU
		{D80B4886-96C3-4C5B-9DC4-72BBA3328FC2}.Debug|Any CPU.Build.0 = Debug|Any CPU
		{D80B4886-96C3-4C5B-9DC4-72BBA3328FC2}.Debug|x86.ActiveCfg = Debug|Any CPU
		{D80B4886-96C3-4C5B-9DC4-72BBA3328FC2}.Release|Any CPU.ActiveCfg = Release|Any CPU
		{D80B4886-96C3-4C5B-9DC4-72BBA3328FC2}.Release|Any CPU.Build.0 = Release|Any CPU
		{D80B4886-96C3-4C5B-9DC4-72BBA3328FC2}.Release|x86.ActiveCfg = Release|Any CPU
		{A1908D80-443A-40B5-838C-73C8D04568EB}.Debug|Any CPU.ActiveCfg = Debug|Any CPU
		{A1908D80-443A-40B5-838C-73C8D04568EB}.Debug|Any CPU.Build.0 = Debug|Any CPU
		{A1908D80-443A-40B5-838C-73C8D04568EB}.Debug|x86.ActiveCfg = Debug|x86
		{A1908D80-443A-40B5-838C-73C8D04568EB}.Debug|x86.Build.0 = Debug|x86
		{A1908D80-443A-40B5-838C-73C8D04568EB}.Release|Any CPU.ActiveCfg = Release|Any CPU
		{A1908D80-443A-40B5-838C-73C8D04568EB}.Release|Any CPU.Build.0 = Release|Any CPU
		{A1908D80-443A-40B5-838C-73C8D04568EB}.Release|x86.ActiveCfg = Release|x86
		{A1908D80-443A-40B5-838C-73C8D04568EB}.Release|x86.Build.0 = Release|x86
		{16A5AF92-CD08-4E31-BD55-9B4848D6C90E}.Debug|Any CPU.ActiveCfg = Debug|Any CPU
		{16A5AF92-CD08-4E31-BD55-9B4848D6C90E}.Debug|Any CPU.Build.0 = Debug|Any CPU
		{16A5AF92-CD08-4E31-BD55-9B4848D6C90E}.Debug|x86.ActiveCfg = Debug|Any CPU
		{16A5AF92-CD08-4E31-BD55-9B4848D6C90E}.Release|Any CPU.ActiveCfg = Release|Any CPU
		{16A5AF92-CD08-4E31-BD55-9B4848D6C90E}.Release|Any CPU.Build.0 = Release|Any CPU
		{16A5AF92-CD08-4E31-BD55-9B4848D6C90E}.Release|x86.ActiveCfg = Release|Any CPU
		{31CDC1C6-A6F0-4E14-9003-40FC37F950B2}.Debug|Any CPU.ActiveCfg = Debug|Any CPU
		{31CDC1C6-A6F0-4E14-9003-40FC37F950B2}.Debug|Any CPU.Build.0 = Debug|Any CPU
		{31CDC1C6-A6F0-4E14-9003-40FC37F950B2}.Debug|x86.ActiveCfg = Debug|Any CPU
		{31CDC1C6-A6F0-4E14-9003-40FC37F950B2}.Release|Any CPU.ActiveCfg = Release|Any CPU
		{31CDC1C6-A6F0-4E14-9003-40FC37F950B2}.Release|Any CPU.Build.0 = Release|Any CPU
		{31CDC1C6-A6F0-4E14-9003-40FC37F950B2}.Release|x86.ActiveCfg = Release|Any CPU
		{2DE62988-DC7E-4C3F-B766-46A6CE9F5889}.Debug|Any CPU.ActiveCfg = Debug|Any CPU
		{2DE62988-DC7E-4C3F-B766-46A6CE9F5889}.Debug|Any CPU.Build.0 = Debug|Any CPU
		{2DE62988-DC7E-4C3F-B766-46A6CE9F5889}.Debug|x86.ActiveCfg = Debug|x86
		{2DE62988-DC7E-4C3F-B766-46A6CE9F5889}.Debug|x86.Build.0 = Debug|x86
		{2DE62988-DC7E-4C3F-B766-46A6CE9F5889}.Release|Any CPU.ActiveCfg = Release|Any CPU
		{2DE62988-DC7E-4C3F-B766-46A6CE9F5889}.Release|Any CPU.Build.0 = Release|Any CPU
		{2DE62988-DC7E-4C3F-B766-46A6CE9F5889}.Release|x86.ActiveCfg = Release|x86
		{2DE62988-DC7E-4C3F-B766-46A6CE9F5889}.Release|x86.Build.0 = Release|x86
	EndGlobalSection
	GlobalSection(SolutionProperties) = preSolution
		HideSolutionNode = FALSE
	EndGlobalSection
	GlobalSection(NestedProjects) = preSolution
		{A1908D80-443A-40B5-838C-73C8D04568EB} = {BC67D651-D838-44B3-8C46-E7DB12C28564}
		{2DE62988-DC7E-4C3F-B766-46A6CE9F5889} = {BC67D651-D838-44B3-8C46-E7DB12C28564}
	EndGlobalSection
	GlobalSection(ExtensibilityGlobals) = postSolution
		SolutionGuid = {E5624688-18BC-473D-A2B3-13BF62476B35}
	EndGlobalSection
EndGlobal
